identity_lock_node:
  ros__parameters:
    camera_source: "/dev/v4l/by-id/usb-Generic_KINGSEN_CAMERA_200901010001-video-index0"
    frame_width: 640
    frame_height: 480
    # ── Doc camera KINGSEN (do 30/09) ─────────────────────────────────────
    # 640x480: MJPG toi 25 fps, YUYV chi 15-20 fps (OpenCV tu chon YUYV neu khong dat).
    # Mac dinh camera de backlight_compensation=1 = "che do thieu sang": ha con NUA fps (MJPG
    # 12.5, YUYV 10 fps) va phoi ~80 ms/khung -> nguoi di/xe quay bi nhoe: ReID Rank-1 76.7%
    # -> 59.2%, YOLO mat nguoi o conf 0.55. Tat no + exposure_dynamic_framerate=0 thi len 25 fps.
    # fixed_fps: phan mem tu chinh phoi sang theo do sang, toi da 30 ms (39 ms sat chu ky
    # 40 ms -> camera tut 12.5 fps). Cho rat toi (log bao "Anh toi") thi doi sang "auto".
    # Mo camera xong can ~7-30 s camera moi len 25 fps (trung thoi gian enroll).
    # 640x480 la anh CAT GIUA 1440x1080 cua cam bien (do bang so khop anh 30/09).
    camera_fourcc: "MJPG"
    camera_fps: 25.0
    camera_exposure_mode: "fixed_fps"
    camera_exposure_ms: 20.0
    camera_exposure_min_ms: 1.0
    camera_exposure_max_ms: 30.0
    camera_exposure_step_ms: 10.0      # boi so 10 ms: khong nhap nhay duoi den dien 50 Hz
    camera_brightness_target: 120.0
    # 50 Hz (dien Viet Nam; camera dang de 60 Hz); tat che do thieu sang (ha nua fps)
    camera_v4l2_controls: "backlight_compensation=0,exposure_dynamic_framerate=0,power_line_frequency=1"

    model_weights: ""
    deepsort_ckpt: ""
    device: "auto"
    use_cuda: true
    img_size: 640
    # YOLO chay khung 640x480 thay vi dem thanh 640x640 (~20 ms -> ~15 ms tren CPU)
    rect_inference: true

    # 0.55 -> 0.40 (30/09): nguoi o gan bi cat khung (chi thay chan, hoac goi toi nguc) YOLOv5n
    # chi cho conf ~0.4-0.7 (do tren anh nguoi that bi cat); o 0.55 hay mat nguoi dang bam o 1 m.
    # Doi lai phat hien sai (khong phai nguoi) tang 2 -> 6 tren 128 anh coco128 — khoa ReID loai.
    det_conf_thres: 0.40
    det_iou_thres: 0.50
    person_class_id: 0

    deepsort_max_age: 30
    deepsort_n_init: 4
    deepsort_max_dist: 0.18

    min_stable_frames: 4
    min_bbox_area: 1800
    initial_select_mode: "center_largest"
    auto_enroll_on_start: false
    enroll_seconds: 30.0
    enroll_min_samples: 80
    enroll_sample_every_n_frames: 3

    positive_gallery_size: 160
    negative_gallery_size: 320   # gallery am tach theo nguoi (~40 nguoi); nguoi mac giong can nhieu mau
    color_gallery_size: 100
    reid_match_mode: "topk_mean"
    reid_top_k: 5

    # ── Nguong ReID (29/09) ──────────────────────────────────────────────
    # Dat theo phan bo do tren Market-1501 SAU KHI sua loi nap BGR vao mang RGB
    # (gallery 10 mau, top-5 mean): nguoi that trung vi 0.90 (p5 0.83); nguoi la 0.72
    # (p99 0.83); nguoi GIONG NHAT trong ~300 nguoi 0.84. Mau: nguoi that 0.51 (p1 0.27),
    # nguoi la 0.27. Nguong tuyet doi khong tach duoc nguoi mac giong -> quyet dinh chinh
    # dua vao SO SANH voi nguoi khac trong khung + tich luy bang chung nhieu khung.
    reid_threshold: 0.82          # "khop chac": duoi muc nay moi xet track doi ngoai hinh dot ngot
    current_min_reid: 0.70        # giu khoa (anh nua nguoi khi dung gan, truoc khi hoc: p1 0.70)
    current_min_combined: 0.62
    current_min_color: 0.20       # chi loai khi lech mau ro (truoc 0.28 = p1 cua nguoi that)
    recover_min_combined: 0.72    # truoc 0.80 loai ~40% khung cua chinh nguoi that
    recover_min_reid: 0.80
    recover_min_color: 0.25
    recover_strong_reid: 0.88     # khop manh: +2 bang chung
    reid_margin: 0.04             # hon nguoi giong thu hai it nhat bay nhieu (moi khung)
    combined_margin: 0.03
    negative_margin: 0.03         # pos - (giong nguoi da biet) khi tim lai
    current_negative_margin: 0.0  # giu khoa: khong duoc giong nguoi da biet hon muc tieu
    strong_negative_margin: 0.04  # anh sach ma giong nguoi da biet hon muc tieu 0.04 -> bo khoa ngay
    switch_margin: 0.08           # nguoi khac giong muc tieu hon track dang khoa 0.08 -> bo khoa ngay
    self_consistency_min: 0.72    # cung nguoi cung camera p1 0.75; nguoi khac trung vi 0.70
    # So lan kiem tra hong LIEN TIEP (anh sach) truoc khi bo khoa. Truoc 1: mot khung bi
    # che mot phan / quay lung la mat khoa -> phai tim lai tu dau.
    verification_fail_limit: 3
    occluded_fail_weight: 0.25    # khung bi che chi tru 1/4 bang chung
    occlusion_ratio_max: 0.35
    learn_min_quality: 0.75
    eval_min_quality: 0.45

    verify_every_n_frames: 1      # feature lay lai tu DeepSORT nen kiem tra moi khung gan nhu mien phi
    update_gallery_every_n_frames: 3
    target_update_min_similarity: 0.70
    max_duplicate_similarity: 0.985
    negative_add_max_reid: 0.65
    # Khi khoa da tin cay: hoc MOI nguoi khac lam 'khong phai muc tieu', ke ca nguoi giong
    # hon track dang khoa toi 0.05. Hoc nham chi lam kho nhan lai (an toan); khong hoc nguoi
    # mac giong thi luc muc tieu khuat se nhan nham ho (nguy hiem).
    negative_add_min_margin: -0.05
    view_bucket_min_samples: 5
    bucket_bootstrap_frames: 8
    edge_margin_px: 6

    # Strict policy: A lost => robot/controller stop. Do not auto-lock B.
    # spatial_gate_px vẫn dùng cho mất dấu ngắn/tại chỗ (nhanh, rẻ).
    # Sau khi robot XOAY LỚN để né vật (lidar_enhancer), vị trí pixel cũ của A
    # không còn ý nghĩa nữa -> nếu global recovery tắt, hệ thống sẽ luôn trả
    # về "spatial_gate_rejected" dù camera đã thấy đúng A. Mở global recovery
    # với ngưỡng ReID vẫn NGHIÊM để bù lại việc bỏ điều kiện vị trí pixel.
    spatial_gate_px: 140.0
    global_search_after_sec: 1.5
    global_search_min_reid: 0.86
    enable_global_recovery: true
    allow_single_candidate_global_recovery: false
    # Diem bang chung can de nhan lai (khop thuong +1, khop manh +2, hong -1).
    # Track vua bi nghi tron ID bat dau tu -suspect_penalty.
    recovery_confirm_frames: 3
    suspect_penalty: 2.0
    # Muc tieu bien mat khi dang chong voi nguoi khac -> coi la dang nup sau ho trong ngan
    # nay giay: can them 1 diem bang chung, nguoi da thay cung luc voi muc tieu bi chan.
    occluded_loss_hold_sec: 2.5
    # Vua nhan lai: trong ngan nay giay, ai giong muc tieu hon track dang khoa >= 0.03 la
    # mot lan hong -> nhan nham nguoi mac giong thi chuyen nhanh sang nguoi dung.
    recovery_probation_sec: 3.0
    recovery_single_candidate_min_reid: 0.85
    recovery_single_candidate_min_combined: 0.75
    max_lost_keep_id_sec: 3.0

    reid_weight: 0.75
    color_weight: 0.20
    gait_identity_weight: 0.10

    # Gait TAT (29/09): mediapipe 0.10.35 da bo mp.solutions -> MediaPipe Pose khong chay,
    # "gait" chi con dac trung bong (Otsu, ti le bbox) — doi theo khoang cach/bi cat khung
    # hon la theo nguoi, lai BAT BUOC khi tim lai (cho du 6 khung) -> nhan lai cham, hay loai nham.
    enable_gait: false
    gait_required_for_recovery: true
    gait_required_for_enrollment: true
    gait_sample_every_n_frames: 1
    gait_window: 45
    gait_min_frames: 6
    gait_gallery_size: 80
    gait_current_min_score: 0.45
    gait_recovery_min_score: 0.50
    gait_model_complexity: 1
    gait_min_detection_confidence: 0.20
    gait_min_tracking_confidence: 0.20
    gait_min_landmark_visibility: 0.0

    # FOV ngang THAT o 640x480 — nguoi dung do 30/09 bang thuoc (scripts/measure_fov.py): camera
    # cach tuong 1.00 m, hai mep cach nhau 2.75 m -> 107.9 do. So 62 cu SAI: goc nguoi lech giua
    # khung bi bao ~mot nua goc that (that 30 do -> bao 14-19 do), lot khoi cua so +-10 do tracker
    # dung de ghep cum chan LiDAR.
    camera_fov_deg: 107.9
    # pinhole: goc = atan(dx/fx) (ong khong meo). Ong goc rong 108 do thuong meo thung: nguoi o
    # giua-khung (x = 160 / 480 px) co the lech toi ~7 do so voi pinhole. [CAN XAC NHAN] do them
    # cac vach giua bang scripts/measure_fov.py roi dan camera_matrix/dist_coeffs/camera_fisheye
    # no in ra va doi sang "calibrated". "linear" = cach cu.
    camera_angle_model: "pinhole"
    # Goc NGUA LEN cua camera (do). Voi FOV do duoc (doc ~81-92 do), camera 34 cm nhin ngang: o
    # 1 m thay tu san toi ~1.2-1.4 m (thieu vai, dau); ngua 10-15 do thay toan than o 1 m.
    # Lap nghieng bao nhieu thi ghi bay nhieu.
    camera_pitch_deg: 0.0
    camera_matrix: [0.0, 0.0, 0.0, 0.0, 0.0, 0.0, 0.0, 0.0, 0.0]
    dist_coeffs: [0.0, 0.0, 0.0, 0.0, 0.0]
    camera_fisheye: false
    undistort_frame: false
    undistort_balance: 0.0

    draw_all_tracks: true
    publish_debug_image: true
    target_topic: "/person_reid/target"
    debug_image_topic: "/person_reid/debug_image"
    command_topic: "/person_reid/command"
    start_enroll_service: "/person_reid/start_enroll"
    finish_enroll_service: "/person_reid/finish_enroll"
    reset_service: "/person_reid/reset"

    # Truoc 8 Hz (bi chan boi timer, khong phai CPU). Sau khi dung lai feature + khung
    # 640x480, 3-5 nguoi ~30-45 ms/khung. [CAN XAC NHAN] /cmd_vel van >= 10 Hz tren xe.
    processing_hz: 15.0
    frame_skip: 0
    show_window: true
    stats_period_sec: 10.0
